Microsoft Visual Studio Solution File, Format Version 12.00
# Visual Studio Version 17
VisualStudioVersion = 17.5.2.0
MinimumVisualStudioVersion = 10.0.40219.1
Project("{FAE04EC0-301F-11D3-BF4B-00C04F79EFBC}") = "BookApi.NET", "BookApi.NET.csproj", "{88AAC637-2D2B-0037-4AF2-F449A3544A39}"
EndProject
Global
	GlobalSection(SolutionConfigurationPlatforms) = preSolution
		Debug|Any CPU = Debug|Any CPU
		Release|Any CPU = Release|Any CPU
	EndGlobalSection
	GlobalSection(ProjectConfigurationPlatforms) = postSolution
		{88AAC637-2D2B-0037-4AF2-F449A3544A39}.Debug|Any CPU.ActiveCfg = Debug|Any CPU
		{88AAC637-2D2B-0037-4AF2-F449A3544A39}.Debug|Any CPU.Build.0 = Debug|Any CPU
		{88AAC637-2D2B-0037-4AF2-F449A3544A39}.Release|Any CPU.ActiveCfg = Release|Any CPU
		{88AAC637-2D2B-0037-4AF2-F449A3544A39}.Release|Any CPU.Build.0 = Release|Any CPU
	EndGlobalSection
	GlobalSection(SolutionProperties) = preSolution
		HideSolutionNode = FALSE
	EndGlobalSection
	GlobalSection(ExtensibilityGlobals) = postSolution
		SolutionGuid = {A113CA23-6F62-4E15-9C38-67E44AD4E4D9}
	EndGlobalSection
EndGlobal
